
Microsoft Visual Studio Solution File, Format Version 12.00
# Visual Studio Version 16
VisualStudioVersion = 16.0.31624.102
MinimumVisualStudioVersion = 10.0.40219.1
Project("{FAE04EC0-301F-11D3-BF4B-00C04F79EFBC}") = "day3_Polymorphism", "day3_Polymorphism.csproj", "{A2464BD6-3B10-461A-8582-1509EA0C41A7}"
EndProject
Global
	GlobalSection(SolutionConfigurationPlatforms) = preSolution
		Debug|Any CPU = Debug|Any CPU
		Release|Any CPU = Release|Any CPU
	EndGlobalSection
	GlobalSection(ProjectConfigurationPlatforms) = postSolution
		{A2464BD6-3B10-461A-8582-1509EA0C41A7}.Debug|Any CPU.ActiveCfg = Debug|Any CPU
		{A2464BD6-3B10-461A-8582-1509EA0C41A7}.Debug|Any CPU.Build.0 = Debug|Any CPU
		{A2464BD6-3B10-461A-8582-1509EA0C41A7}.Release|Any CPU.ActiveCfg = Release|Any CPU
		{A2464BD6-3B10-461A-8582-1509EA0C41A7}.Release|Any CPU.Build.0 = Release|Any CPU
	EndGlobalSection
	GlobalSection(SolutionProperties) = preSolution
		HideSolutionNode = FALSE
	EndGlobalSection
	GlobalSection(ExtensibilityGlobals) = postSolution
		SolutionGuid = {1572E21B-D70A-4CF0-873A-956C1F5B5A26}
	EndGlobalSection
EndGlobal
