
Microsoft Visual Studio Solution File, Format Version 12.00
# Visual Studio Version 16
VisualStudioVersion = 16.0.31624.102
MinimumVisualStudioVersion = 10.0.40219.1
Project("{FAE04EC0-301F-11D3-BF4B-00C04F79EFBC}") = "day4-indexedClasses", "day4-indexedClasses.csproj", "{A8607EA6-E6A5-4755-BBFE-CB97C39911E6}"
EndProject
Global
	GlobalSection(SolutionConfigurationPlatforms) = preSolution
		Debug|Any CPU = Debug|Any CPU
		Release|Any CPU = Release|Any CPU
	EndGlobalSection
	GlobalSection(ProjectConfigurationPlatforms) = postSolution
		{A8607EA6-E6A5-4755-BBFE-CB97C39911E6}.Debug|Any CPU.ActiveCfg = Debug|Any CPU
		{A8607EA6-E6A5-4755-BBFE-CB97C39911E6}.Debug|Any CPU.Build.0 = Debug|Any CPU
		{A8607EA6-E6A5-4755-BBFE-CB97C39911E6}.Release|Any CPU.ActiveCfg = Release|Any CPU
		{A8607EA6-E6A5-4755-BBFE-CB97C39911E6}.Release|Any CPU.Build.0 = Release|Any CPU
	EndGlobalSection
	GlobalSection(SolutionProperties) = preSolution
		HideSolutionNode = FALSE
	EndGlobalSection
	GlobalSection(ExtensibilityGlobals) = postSolution
		SolutionGuid = {4343F5F4-AA91-4036-A85A-218843EDC4FC}
	EndGlobalSection
EndGlobal
